# This file was autogenerated by Stack.
# You should not edit this file by hand.
# For more information, please see the documentation at:
#   https://docs.haskellstack.org/en/stable/lock_files

packages:
- completed:
    hackage: aeson-1.2.4.0@sha256:2ff56812644c3e272fef6b19aaff1ddab81c9984b1c1f8969521cb856bc22eab,6541
    pantry-tree:
      size: 39725
      sha256: 0c836bc76bbba36ca3edead2c8197b0ad2dfe590f18ff4d25642e1039f2ab2b7
  original:
    hackage: aeson-1.2.4.0
- completed:
    hackage: amazonka-core-1.5.0@sha256:cc401355c33d8157877f2874ee7c7bfaafb158fea2744856f596c17d52201842,5098
    pantry-tree:
      size: 3438
      sha256: 833b7b17d59fc3c08cd2c8d8944585dacb38095e38f2857b9c13bbcca0cf8b58
  original:
    hackage: amazonka-core-1.5.0
- completed:
    hackage: amazonka-kinesis-1.5.0@sha256:b9aa5fa7ae8ea0527a0726aa299c53c3a1bc903d26cda9358a269b2a6c2f7c29,3905
    pantry-tree:
      size: 5695
      sha256: f253a19f0be4b58c902e23bdb5c365481cc8b6735fdb9ee28dd409172b06ff3d
  original:
    hackage: amazonka-kinesis-1.5.0
- completed:
    hackage: amazonka-s3-1.5.0@sha256:a7011c9e1f62b61d8434b41a86becd0ac0638fb8c04fafb30cc1dadbfcd2a490,6271
    pantry-tree:
      size: 18147
      sha256: 54f5464a76d6b6251a99266de0bc65bebab2fce33330261a7685c0e9f4bb688a
  original:
    hackage: amazonka-s3-1.5.0
- completed:
    hackage: bifunctors-5.5.2@sha256:0edcd491cde13090da785dd8c541b021d43dce7f32e54b2664e68d65385a5c80,3106
    pantry-tree:
      size: 1619
      sha256: c839aec34f2becd1fc0f9e39102dafbae8800da8c1920bc6c7bb121ee97b7d25
  original:
    hackage: bifunctors-5.5.2
- completed:
    hackage: blaze-html-0.9.0.0@sha256:e9de4d708e60332f4def4841a6dc5bb7f757212ffb7bb1b9b54316121d5fa092,2598
    pantry-tree:
      size: 2226
      sha256: f7039a9ac9fa95bb9ff0fcf538cbb60be49cae8359b882764cafb56b24207c34
  original:
    hackage: blaze-html-0.9.0.0
- completed:
    hackage: conduit-1.2.13.1@sha256:afd4db7fe66ae7af3d418e1a932384a8dee08df2f6299cca80e53ba964ce1228,4371
    pantry-tree:
      size: 1191
      sha256: c24b0058c187a98780d227072cb701efeca1571c1c88ca331e53799cc3d051fb
  original:
    hackage: conduit-1.2.13.1
- completed:
    hackage: conduit-extra-1.2.3.2@sha256:911f76ce00b87a44ed5205b092b6150f456062e8f833c645b09c9357d986c854,4793
    pantry-tree:
      size: 2396
      sha256: f968c54ae1b4cd25eb5b189341c6cc1c63e69892ad21a13c93da41238964f2ec
  original:
    hackage: conduit-extra-1.2.3.2
- completed:
    hackage: mmorph-1.1.2@sha256:09de0fe025a2d6887d766ead64b5537a0f8dad7331879668574e76b7d9682682,919
    pantry-tree:
      size: 344
      sha256: 515ee7c46a75fafd7a6eeb8ab00073fdc8330a2a29744c6176cd325c45820305
  original:
    hackage: mmorph-1.1.2
- completed:
    hackage: network-2.6.3.5@sha256:f9f724fe7c25777b097c88409362b6b0d6b61b7356538e0768cbccc6c12e9a98,2666
    pantry-tree:
      size: 2254
      sha256: 11d147b732d6b9eee3654002f85845156cc6d55b6f2672f8d574d396318939a8
  original:
    hackage: network-2.6.3.5
- completed:
    hackage: parsec-3.1.13.0@sha256:d56210cf092db6e43024d9e8871c7e05a8e9e36e9aec09356e5bd401ea8f5a0c,4121
    pantry-tree:
      size: 2572
      sha256: 4668989c4bc0e7ed127b854cde9ed60f949664f5c62cfe8d87011e1141d3a833
  original:
    hackage: parsec-3.1.13.0
- completed:
    hackage: primitive-0.6.3.0@sha256:97fe680ea7158dce999b54ea50865a10c5f907b4d416e6d88eb0f808f828cbdd,2056
    pantry-tree:
      size: 1200
      sha256: c9053ebcfd24582a86ed26170588436de63ef18b5fedd05677e35bbffbd2af47
  original:
    hackage: primitive-0.6.3.0
- completed:
    hackage: profunctors-5.2.2@sha256:44676db924d985a5a8b3644ecd56f00e27de69b59be01cedb842f1dfe04dc561,1995
    pantry-tree:
      size: 1633
      sha256: 8cb7b05f4fbebc3f38e0397ebe6f76a2c512ded84d36b348268504121967868c
  original:
    hackage: profunctors-5.2.2
- completed:
    hackage: resourcet-1.1.11@sha256:6c16ce2485e4368048ee618f36bd8606aff8212100333d834b205b14cb4c6023,1981
    pantry-tree:
      size: 647
      sha256: a20624ee1b2369b258059674aa9dac02e0e3b5a076fe08aa1417dd4788247498
  original:
    hackage: resourcet-1.1.11
- completed:
    hackage: semigroupoids-5.2.2@sha256:32928c4e7d835dab4d06de422346997762cfe026f8cff628fa06cbeb7fcf0e5f,7437
    pantry-tree:
      size: 1990
      sha256: acbe49b2ff209a080718ac8fb6a6e0158db0017fb5b489538e9ec37a732e6d5f
  original:
    hackage: semigroupoids-5.2.2
- completed:
    hackage: serverless-haskell-0.4.2@sha256:4edc3f13430a7671f789cbde828e8647ddee534ff574eaafc0f3ee0b2476ea7e,2400
    pantry-tree:
      size: 1613
      sha256: 7ddba5c2d296797194d94cd7e00e9b7120368e9dcfc0b279064b57c2123e4a74
  original:
    hackage: serverless-haskell-0.4.2
- completed:
    hackage: typed-process-0.2.2.0@sha256:6c412ae0cf646f6310a3d3ecff42f1fc0107648e302092f31fa82545d76fb907,1698
    pantry-tree:
      size: 452
      sha256: 12b88d4b29399693ef8a334bff9d74b7c9d527094e8224045727dc9b2929dc95
  original:
    hackage: typed-process-0.2.2.0
- completed:
    hackage: xml-conduit-1.4.0.4@sha256:e454037c4ded5af86373d5ada2a519aa7601fa31dd9c12074cbbd79a06e7af8b,2666
    pantry-tree:
      size: 754
      sha256: 66c8458a0aa935082a68b631f0b5f24fe427703523df0b2558191c64b26a9120
  original:
    hackage: xml-conduit-1.4.0.4
- completed:
    hackage: markdown-0.1.17.1@sha256:03a92712f6b6f130fa95b52631fe53c79a5bf2827684b7f1f7931b1042f92d24,2210
    pantry-tree:
      size: 6954
      sha256: d4ee0f8ab15a1458d52341fbf3d85d72c42af6f3522d332a6baabcb18205b799
  original:
    hackage: markdown-0.1.17.1
snapshots:
- completed:
    size: 533750
    url: https://raw.githubusercontent.com/commercialhaskell/stackage-snapshots/master/lts/9/1.yaml
    sha256: ab1f64243467478499eb5fd9b4c4115743d5bb301c3cf5b8b6e7242bcad54247
  original: lts-9.1
